// !$*UTF8*$!
{
	archiveVersion = 1;
	classes = {
	};
	objectVersion = 55;
	objects = {

/* Begin PBXBuildFile section */
		827AEB0693FC92A4C8EDBFA4 /* Pods_SF_Lesson37_ProjectMoya.framework in Frameworks */ = {isa = PBXBuildFile; fileRef = F176614B75BB49A9FB2D410E /* Pods_SF_Lesson37_ProjectMoya.framework */; };
		C11B1ACD2824F21900698D60 /* AppDelegate.swift in Sources */ = {isa = PBXBuildFile; fileRef = C11B1ACC2824F21900698D60 /* AppDelegate.swift */; };
		C11B1ACF2824F21900698D60 /* SceneDelegate.swift in Sources */ = {isa = PBXBuildFile; fileRef = C11B1ACE2824F21900698D60 /* SceneDelegate.swift */; };
		C11B1AD42824F21900698D60 /* Main.storyboard in Resources */ = {isa = PBXBuildFile; fileRef = C11B1AD22824F21900698D60 /* Main.storyboard */; };
		C11B1AD62824F21D00698D60 /* Assets.xcassets in Resources */ = {isa = PBXBuildFile; fileRef = C11B1AD52824F21D00698D60 /* Assets.xcassets */; };
		C11B1AD92824F21D00698D60 /* LaunchScreen.storyboard in Resources */ = {isa = PBXBuildFile; fileRef = C11B1AD72824F21D00698D60 /* LaunchScreen.storyboard */; };
		C11B1AE62824F57A00698D60 /* CodableResponses.swift in Sources */ = {isa = PBXBuildFile; fileRef = C11B1AE52824F57A00698D60 /* CodableResponses.swift */; };
		C11B1AE82824F5A900698D60 /* News.swift in Sources */ = {isa = PBXBuildFile; fileRef = C11B1AE72824F5A900698D60 /* News.swift */; };
		C11B1AEB2824F5CC00698D60 /* NewsCell.swift in Sources */ = {isa = PBXBuildFile; fileRef = C11B1AEA2824F5CC00698D60 /* NewsCell.swift */; };
		C11B1AED2824F60D00698D60 /* NewsViewController.swift in Sources */ = {isa = PBXBuildFile; fileRef = C11B1AEC2824F60D00698D60 /* NewsViewController.swift */; };
		C11B1AEF2824F64D00698D60 /* NewsFeedViewController.swift in Sources */ = {isa = PBXBuildFile; fileRef = C11B1AEE2824F64D00698D60 /* NewsFeedViewController.swift */; };
		C11B1AF1282512E900698D60 /* NewsFeed.swift in Sources */ = {isa = PBXBuildFile; fileRef = C11B1AF0282512E900698D60 /* NewsFeed.swift */; };
		C11B1AF42825259D00698D60 /* Kingfisher in Frameworks */ = {isa = PBXBuildFile; productRef = C11B1AF32825259D00698D60 /* Kingfisher */; };
		C11B1B162825614D00698D60 /* UploadResult.swift in Sources */ = {isa = PBXBuildFile; fileRef = C11B1B152825614D00698D60 /* UploadResult.swift */; };
/* End PBXBuildFile section */

/* Begin PBXFileReference section */
		7853E811D674580D4A87F223 /* Pods-SF-Lesson37-ProjectMoya.debug.xcconfig */ = {isa = PBXFileReference; includeInIndex = 1; lastKnownFileType = text.xcconfig; name = "Pods-SF-Lesson37-ProjectMoya.debug.xcconfig"; path = "Target Support Files/Pods-SF-Lesson37-ProjectMoya/Pods-SF-Lesson37-ProjectMoya.debug.xcconfig"; sourceTree = "<group>"; };
		C11B1AC92824F21900698D60 /* SF-Lesson37-ProjectMoya.app */ = {isa = PBXFileReference; explicitFileType = wrapper.application; includeInIndex = 0; path = "SF-Lesson37-ProjectMoya.app"; sourceTree = BUILT_PRODUCTS_DIR; };
		C11B1ACC2824F21900698D60 /* AppDelegate.swift */ = {isa = PBXFileReference; lastKnownFileType = sourcecode.swift; path = AppDelegate.swift; sourceTree = "<group>"; };
		C11B1ACE2824F21900698D60 /* SceneDelegate.swift */ = {isa = PBXFileReference; lastKnownFileType = sourcecode.swift; path = SceneDelegate.swift; sourceTree = "<group>"; };
		C11B1AD32824F21900698D60 /* Base */ = {isa = PBXFileReference; lastKnownFileType = file.storyboard; name = Base; path = Base.lproj/Main.storyboard; sourceTree = "<group>"; };
		C11B1AD52824F21D00698D60 /* Assets.xcassets */ = {isa = PBXFileReference; lastKnownFileType = folder.assetcatalog; path = Assets.xcassets; sourceTree = "<group>"; };
		C11B1AD82824F21D00698D60 /* Base */ = {isa = PBXFileReference; lastKnownFileType = file.storyboard; name = Base; path = Base.lproj/LaunchScreen.storyboard; sourceTree = "<group>"; };
		C11B1ADA2824F21D00698D60 /* Info.plist */ = {isa = PBXFileReference; lastKnownFileType = text.plist.xml; path = Info.plist; sourceTree = "<group>"; };
		C11B1AE52824F57A00698D60 /* CodableResponses.swift */ = {isa = PBXFileReference; lastKnownFileType = sourcecode.swift; path = CodableResponses.swift; sourceTree = "<group>"; };
		C11B1AE72824F5A900698D60 /* News.swift */ = {isa = PBXFileReference; lastKnownFileType = sourcecode.swift; path = News.swift; sourceTree = "<group>"; };
		C11B1AEA2824F5CC00698D60 /* NewsCell.swift */ = {isa = PBXFileReference; lastKnownFileType = sourcecode.swift; path = NewsCell.swift; sourceTree = "<group>"; };
		C11B1AEC2824F60D00698D60 /* NewsViewController.swift */ = {isa = PBXFileReference; lastKnownFileType = sourcecode.swift; path = NewsViewController.swift; sourceTree = "<group>"; };
		C11B1AEE2824F64D00698D60 /* NewsFeedViewController.swift */ = {isa = PBXFileReference; lastKnownFileType = sourcecode.swift; path = NewsFeedViewController.swift; sourceTree = "<group>"; };
		C11B1AF0282512E900698D60 /* NewsFeed.swift */ = {isa = PBXFileReference; lastKnownFileType = sourcecode.swift; path = NewsFeed.swift; sourceTree = "<group>"; };
		C11B1B152825614D00698D60 /* UploadResult.swift */ = {isa = PBXFileReference; lastKnownFileType = sourcecode.swift; path = UploadResult.swift; sourceTree = "<group>"; };
		C59DC85ECC32F82204022EF7 /* Pods-SF-Lesson37-ProjectMoya.release.xcconfig */ = {isa = PBXFileReference; includeInIndex = 1; lastKnownFileType = text.xcconfig; name = "Pods-SF-Lesson37-ProjectMoya.release.xcconfig"; path = "Target Support Files/Pods-SF-Lesson37-ProjectMoya/Pods-SF-Lesson37-ProjectMoya.release.xcconfig"; sourceTree = "<group>"; };
		F176614B75BB49A9FB2D410E /* Pods_SF_Lesson37_ProjectMoya.framework */ = {isa = PBXFileReference; explicitFileType = wrapper.framework; includeInIndex = 0; path = Pods_SF_Lesson37_ProjectMoya.framework; sourceTree = BUILT_PRODUCTS_DIR; };
/* End PBXFileReference section */

/* Begin PBXFrameworksBuildPhase section */
		C11B1AC62824F21900698D60 /* Frameworks */ = {
			isa = PBXFrameworksBuildPhase;
			buildActionMask = 2147483647;
			files = (
				C11B1AF42825259D00698D60 /* Kingfisher in Frameworks */,
				827AEB0693FC92A4C8EDBFA4 /* Pods_SF_Lesson37_ProjectMoya.framework in Frameworks */,
			);
			runOnlyForDeploymentPostprocessing = 0;
		};
/* End PBXFrameworksBuildPhase section */

/* Begin PBXGroup section */
		25E5677DBC08A2B8707BD3E4 /* Frameworks */ = {
			isa = PBXGroup;
			children = (
				F176614B75BB49A9FB2D410E /* Pods_SF_Lesson37_ProjectMoya.framework */,
			);
			name = Frameworks;
			sourceTree = "<group>";
		};
		3DCD46DA3E176BBF3BD13F04 /* Pods */ = {
			isa = PBXGroup;
			children = (
				7853E811D674580D4A87F223 /* Pods-SF-Lesson37-ProjectMoya.debug.xcconfig */,
				C59DC85ECC32F82204022EF7 /* Pods-SF-Lesson37-ProjectMoya.release.xcconfig */,
			);
			path = Pods;
			sourceTree = "<group>";
		};
		C11B1AC02824F21900698D60 = {
			isa = PBXGroup;
			children = (
				C11B1ACB2824F21900698D60 /* SF-Lesson37-ProjectMoya */,
				C11B1ACA2824F21900698D60 /* Products */,
				3DCD46DA3E176BBF3BD13F04 /* Pods */,
				25E5677DBC08A2B8707BD3E4 /* Frameworks */,
			);
			sourceTree = "<group>";
		};
		C11B1ACA2824F21900698D60 /* Products */ = {
			isa = PBXGroup;
			children = (
				C11B1AC92824F21900698D60 /* SF-Lesson37-ProjectMoya.app */,
			);
			name = Products;
			sourceTree = "<group>";
		};
		C11B1ACB2824F21900698D60 /* SF-Lesson37-ProjectMoya */ = {
			isa = PBXGroup;
			children = (
				C11B1ADA2824F21D00698D60 /* Info.plist */,
				C11B1AE12824F4D800698D60 /* Common */,
				C11B1AE42824F54E00698D60 /* Helpers */,
				C11B1AE32824F50F00698D60 /* Network */,
				C11B1AE22824F4FB00698D60 /* Models */,
				C11B1AE02824F4C600698D60 /* Views */,
			);
			path = "SF-Lesson37-ProjectMoya";
			sourceTree = "<group>";
		};
		C11B1AE02824F4C600698D60 /* Views */ = {
			isa = PBXGroup;
			children = (
				C11B1AE92824F5BB00698D60 /* Cells */,
				C11B1AEE2824F64D00698D60 /* NewsFeedViewController.swift */,
				C11B1AEC2824F60D00698D60 /* NewsViewController.swift */,
			);
			path = Views;
			sourceTree = "<group>";
		};
		C11B1AE12824F4D800698D60 /* Common */ = {
			isa = PBXGroup;
			children = (
				C11B1AD52824F21D00698D60 /* Assets.xcassets */,
				C11B1ACC2824F21900698D60 /* AppDelegate.swift */,
				C11B1ACE2824F21900698D60 /* SceneDelegate.swift */,
				C11B1AD22824F21900698D60 /* Main.storyboard */,
				C11B1AD72824F21D00698D60 /* LaunchScreen.storyboard */,
			);
			path = Common;
			sourceTree = "<group>";
		};
		C11B1AE22824F4FB00698D60 /* Models */ = {
			isa = PBXGroup;
			children = (
				C11B1AE72824F5A900698D60 /* News.swift */,
				C11B1B152825614D00698D60 /* UploadResult.swift */,
			);
			path = Models;
			sourceTree = "<group>";
		};
		C11B1AE32824F50F00698D60 /* Network */ = {
			isa = PBXGroup;
			children = (
				C11B1AE52824F57A00698D60 /* CodableResponses.swift */,
				C11B1AF0282512E900698D60 /* NewsFeed.swift */,
			);
			name = Network;
			path = Common;
			sourceTree = "<group>";
		};
		C11B1AE42824F54E00698D60 /* Helpers */ = {
			isa = PBXGroup;
			children = (
			);
			name = Helpers;
			path = Common;
			sourceTree = "<group>";
		};
		C11B1AE92824F5BB00698D60 /* Cells */ = {
			isa = PBXGroup;
			children = (
				C11B1AEA2824F5CC00698D60 /* NewsCell.swift */,
			);
			path = Cells;
			sourceTree = "<group>";
		};
/* End PBXGroup section */

/* Begin PBXNativeTarget section */
		C11B1AC82824F21900698D60 /* SF-Lesson37-ProjectMoya */ = {
			isa = PBXNativeTarget;
			buildConfigurationList = C11B1ADD2824F21D00698D60 /* Build configuration list for PBXNativeTarget "SF-Lesson37-ProjectMoya" */;
			buildPhases = (
				F14C5B4B973BD778B8006BA2 /* [CP] Check Pods Manifest.lock */,
				C11B1AC52824F21900698D60 /* Sources */,
				C11B1AC62824F21900698D60 /* Frameworks */,
				C11B1AC72824F21900698D60 /* Resources */,
				1BF70438627365E52E41D563 /* [CP] Embed Pods Frameworks */,
			);
			buildRules = (
			);
			dependencies = (
			);
			name = "SF-Lesson37-ProjectMoya";
			packageProductDependencies = (
				C11B1AF32825259D00698D60 /* Kingfisher */,
			);
			productName = "SF-Lesson37-ProjectMoya";
			productReference = C11B1AC92824F21900698D60 /* SF-Lesson37-ProjectMoya.app */;
			productType = "com.apple.product-type.application";
		};
/* End PBXNativeTarget section */

/* Begin PBXProject section */
		C11B1AC12824F21900698D60 /* Project object */ = {
			isa = PBXProject;
			attributes = {
				BuildIndependentTargetsInParallel = 1;
				LastSwiftUpdateCheck = 1330;
				LastUpgradeCheck = 1330;
				TargetAttributes = {
					C11B1AC82824F21900698D60 = {
						CreatedOnToolsVersion = 13.3.1;
					};
				};
			};
			buildConfigurationList = C11B1AC42824F21900698D60 /* Build configuration list for PBXProject "SF-Lesson37-ProjectMoya" */;
			compatibilityVersion = "Xcode 13.0";
			developmentRegion = en;
			hasScannedForEncodings = 0;
			knownRegions = (
				en,
				Base,
			);
			mainGroup = C11B1AC02824F21900698D60;
			packageReferences = (
				C11B1AF22825259D00698D60 /* XCRemoteSwiftPackageReference "Kingfisher" */,
			);
			productRefGroup = C11B1ACA2824F21900698D60 /* Products */;
			projectDirPath = "";
			projectRoot = "";
			targets = (
				C11B1AC82824F21900698D60 /* SF-Lesson37-ProjectMoya */,
			);
		};
/* End PBXProject section */

/* Begin PBXResourcesBuildPhase section */
		C11B1AC72824F21900698D60 /* Resources */ = {
			isa = PBXResourcesBuildPhase;
			buildActionMask = 2147483647;
			files = (
				C11B1AD92824F21D00698D60 /* LaunchScreen.storyboard in Resources */,
				C11B1AD62824F21D00698D60 /* Assets.xcassets in Resources */,
				C11B1AD42824F21900698D60 /* Main.storyboard in Resources */,
			);
			runOnlyForDeploymentPostprocessing = 0;
		};
/* End PBXResourcesBuildPhase section */

/* Begin PBXShellScriptBuildPhase section */
		1BF70438627365E52E41D563 /* [CP] Embed Pods Frameworks */ = {
			isa = PBXShellScriptBuildPhase;
			buildActionMask = 2147483647;
			files = (
			);
			inputFileListPaths = (
				"${PODS_ROOT}/Target Support Files/Pods-SF-Lesson37-ProjectMoya/Pods-SF-Lesson37-ProjectMoya-frameworks-${CONFIGURATION}-input-files.xcfilelist",
			);
			name = "[CP] Embed Pods Frameworks";
			outputFileListPaths = (
				"${PODS_ROOT}/Target Support Files/Pods-SF-Lesson37-ProjectMoya/Pods-SF-Lesson37-ProjectMoya-frameworks-${CONFIGURATION}-output-files.xcfilelist",
			);
			runOnlyForDeploymentPostprocessing = 0;
			shellPath = /bin/sh;
			shellScript = "\"${PODS_ROOT}/Target Support Files/Pods-SF-Lesson37-ProjectMoya/Pods-SF-Lesson37-ProjectMoya-frameworks.sh\"\n";
			showEnvVarsInLog = 0;
		};
		F14C5B4B973BD778B8006BA2 /* [CP] Check Pods Manifest.lock */ = {
			isa = PBXShellScriptBuildPhase;
			buildActionMask = 2147483647;
			files = (
			);
			inputFileListPaths = (
			);
			inputPaths = (
				"${PODS_PODFILE_DIR_PATH}/Podfile.lock",
				"${PODS_ROOT}/Manifest.lock",
			);
			name = "[CP] Check Pods Manifest.lock";
			outputFileListPaths = (
			);
			outputPaths = (
				"$(DERIVED_FILE_DIR)/Pods-SF-Lesson37-ProjectMoya-checkManifestLockResult.txt",
			);
			runOnlyForDeploymentPostprocessing = 0;
			shellPath = /bin/sh;
			shellScript = "diff \"${PODS_PODFILE_DIR_PATH}/Podfile.lock\" \"${PODS_ROOT}/Manifest.lock\" > /dev/null\nif [ $? != 0 ] ; then\n    # print error to STDERR\n    echo \"error: The sandbox is not in sync with the Podfile.lock. Run 'pod install' or update your CocoaPods installation.\" >&2\n    exit 1\nfi\n# This output is used by Xcode 'outputs' to avoid re-running this script phase.\necho \"SUCCESS\" > \"${SCRIPT_OUTPUT_FILE_0}\"\n";
			showEnvVarsInLog = 0;
		};
/* End PBXShellScriptBuildPhase section */

/* Begin PBXSourcesBuildPhase section */
		C11B1AC52824F21900698D60 /* Sources */ = {
			isa = PBXSourcesBuildPhase;
			buildActionMask = 2147483647;
			files = (
				C11B1AE62824F57A00698D60 /* CodableResponses.swift in Sources */,
				C11B1B162825614D00698D60 /* UploadResult.swift in Sources */,
				C11B1ACD2824F21900698D60 /* AppDelegate.swift in Sources */,
				C11B1AF1282512E900698D60 /* NewsFeed.swift in Sources */,
				C11B1AE82824F5A900698D60 /* News.swift in Sources */,
				C11B1AED2824F60D00698D60 /* NewsViewController.swift in Sources */,
				C11B1AEB2824F5CC00698D60 /* NewsCell.swift in Sources */,
				C11B1ACF2824F21900698D60 /* SceneDelegate.swift in Sources */,
				C11B1AEF2824F64D00698D60 /* NewsFeedViewController.swift in Sources */,
			);
			runOnlyForDeploymentPostprocessing = 0;
		};
/* End PBXSourcesBuildPhase section */

/* Begin PBXVariantGroup section */
		C11B1AD22824F21900698D60 /* Main.storyboard */ = {
			isa = PBXVariantGroup;
			children = (
				C11B1AD32824F21900698D60 /* Base */,
			);
			name = Main.storyboard;
			sourceTree = "<group>";
		};
		C11B1AD72824F21D00698D60 /* LaunchScreen.storyboard */ = {
			isa = PBXVariantGroup;
			children = (
				C11B1AD82824F21D00698D60 /* Base */,
			);
			name = LaunchScreen.storyboard;
			sourceTree = "<group>";
		};
/* End PBXVariantGroup section */

/* Begin XCBuildConfiguration section */
		C11B1ADB2824F21D00698D60 /* Debug */ = {
			isa = XCBuildConfiguration;
			buildSettings = {
				ALWAYS_SEARCH_USER_PATHS = NO;
				CLANG_ANALYZER_NONNULL = YES;
				CLANG_ANALYZER_NUMBER_OBJECT_CONVERSION = YES_AGGRESSIVE;
				CLANG_CXX_LANGUAGE_STANDARD = "gnu++17";
				CLANG_ENABLE_MODULES = YES;
				CLANG_ENABLE_OBJC_ARC = YES;
				CLANG_ENABLE_OBJC_WEAK = YES;
				CLANG_WARN_BLOCK_CAPTURE_AUTORELEASING = YES;
				CLANG_WARN_BOOL_CONVERSION = YES;
				CLANG_WARN_COMMA = YES;
				CLANG_WARN_CONSTANT_CONVERSION = YES;
				CLANG_WARN_DEPRECATED_OBJC_IMPLEMENTATIONS = YES;
				CLANG_WARN_DIRECT_OBJC_ISA_USAGE = YES_ERROR;
				CLANG_WARN_DOCUMENTATION_COMMENTS = YES;
				CLANG_WARN_EMPTY_BODY = YES;
				CLANG_WARN_ENUM_CONVERSION = YES;
				CLANG_WARN_INFINITE_RECURSION = YES;
				CLANG_WARN_INT_CONVERSION = YES;
				CLANG_WARN_NON_LITERAL_NULL_CONVERSION = YES;
				CLANG_WARN_OBJC_IMPLICIT_RETAIN_SELF = YES;
				CLANG_WARN_OBJC_LITERAL_CONVERSION = YES;
				CLANG_WARN_OBJC_ROOT_CLASS = YES_ERROR;
				CLANG_WARN_QUOTED_INCLUDE_IN_FRAMEWORK_HEADER = YES;
				CLANG_WARN_RANGE_LOOP_ANALYSIS = YES;
				CLANG_WARN_STRICT_PROTOTYPES = YES;
				CLANG_WARN_SUSPICIOUS_MOVE = YES;
				CLANG_WARN_UNGUARDED_AVAILABILITY = YES_AGGRESSIVE;
				CLANG_WARN_UNREACHABLE_CODE = YES;
				CLANG_WARN__DUPLICATE_METHOD_MATCH = YES;
				COPY_PHASE_STRIP = NO;
				DEBUG_INFORMATION_FORMAT = dwarf;
				ENABLE_STRICT_OBJC_MSGSEND = YES;
				ENABLE_TESTABILITY = YES;
				GCC_C_LANGUAGE_STANDARD = gnu11;
				GCC_DYNAMIC_NO_PIC = NO;
				GCC_NO_COMMON_BLOCKS = YES;
				GCC_OPTIMIZATION_LEVEL = 0;
				GCC_PREPROCESSOR_DEFINITIONS = (
					"DEBUG=1",
					"$(inherited)",
				);
				GCC_WARN_64_TO_32_BIT_CONVERSION = YES;
				GCC_WARN_ABOUT_RETURN_TYPE = YES_ERROR;
				GCC_WARN_UNDECLARED_SELECTOR = YES;
				GCC_WARN_UNINITIALIZED_AUTOS = YES_AGGRESSIVE;
				GCC_WARN_UNUSED_FUNCTION = YES;
				GCC_WARN_UNUSED_VARIABLE = YES;
				IPHONEOS_DEPLOYMENT_TARGET = 15.4;
				MTL_ENABLE_DEBUG_INFO = INCLUDE_SOURCE;
				MTL_FAST_MATH = YES;
				ONLY_ACTIVE_ARCH = YES;
				SDKROOT = iphoneos;
				SWIFT_ACTIVE_COMPILATION_CONDITIONS = DEBUG;
				SWIFT_OPTIMIZATION_LEVEL = "-Onone";
			};
			name = Debug;
		};
		C11B1ADC2824F21D00698D60 /* Release */ = {
			isa = XCBuildConfiguration;
			buildSettings = {
				ALWAYS_SEARCH_USER_PATHS = NO;
				CLANG_ANALYZER_NONNULL = YES;
				CLANG_ANALYZER_NUMBER_OBJECT_CONVERSION = YES_AGGRESSIVE;
				CLANG_CXX_LANGUAGE_STANDARD = "gnu++17";
				CLANG_ENABLE_MODULES = YES;
				CLANG_ENABLE_OBJC_ARC = YES;
				CLANG_ENABLE_OBJC_WEAK = YES;
				CLANG_WARN_BLOCK_CAPTURE_AUTORELEASING = YES;
				CLANG_WARN_BOOL_CONVERSION = YES;
				CLANG_WARN_COMMA = YES;
				CLANG_WARN_CONSTANT_CONVERSION = YES;
				CLANG_WARN_DEPRECATED_OBJC_IMPLEMENTATIONS = YES;
				CLANG_WARN_DIRECT_OBJC_ISA_USAGE = YES_ERROR;
				CLANG_WARN_DOCUMENTATION_COMMENTS = YES;
				CLANG_WARN_EMPTY_BODY = YES;
				CLANG_WARN_ENUM_CONVERSION = YES;
				CLANG_WARN_INFINITE_RECURSION = YES;
				CLANG_WARN_INT_CONVERSION = YES;
				CLANG_WARN_NON_LITERAL_NULL_CONVERSION = YES;
				CLANG_WARN_OBJC_IMPLICIT_RETAIN_SELF = YES;
				CLANG_WARN_OBJC_LITERAL_CONVERSION = YES;
				CLANG_WARN_OBJC_ROOT_CLASS = YES_ERROR;
				CLANG_WARN_QUOTED_INCLUDE_IN_FRAMEWORK_HEADER = YES;
				CLANG_WARN_RANGE_LOOP_ANALYSIS = YES;
				CLANG_WARN_STRICT_PROTOTYPES = YES;
				CLANG_WARN_SUSPICIOUS_MOVE = YES;
				CLANG_WARN_UNGUARDED_AVAILABILITY = YES_AGGRESSIVE;
				CLANG_WARN_UNREACHABLE_CODE = YES;
				CLANG_WARN__DUPLICATE_METHOD_MATCH = YES;
				COPY_PHASE_STRIP = NO;
				DEBUG_INFORMATION_FORMAT = "dwarf-with-dsym";
				ENABLE_NS_ASSERTIONS = NO;
				ENABLE_STRICT_OBJC_MSGSEND = YES;
				GCC_C_LANGUAGE_STANDARD = gnu11;
				GCC_NO_COMMON_BLOCKS = YES;
				GCC_WARN_64_TO_32_BIT_CONVERSION = YES;
				GCC_WARN_ABOUT_RETURN_TYPE = YES_ERROR;
				GCC_WARN_UNDECLARED_SELECTOR = YES;
				GCC_WARN_UNINITIALIZED_AUTOS = YES_AGGRESSIVE;
				GCC_WARN_UNUSED_FUNCTION = YES;
				GCC_WARN_UNUSED_VARIABLE = YES;
				IPHONEOS_DEPLOYMENT_TARGET = 15.4;
				MTL_ENABLE_DEBUG_INFO = NO;
				MTL_FAST_MATH = YES;
				SDKROOT = iphoneos;
				SWIFT_COMPILATION_MODE = wholemodule;
				SWIFT_OPTIMIZATION_LEVEL = "-O";
				VALIDATE_PRODUCT = YES;
			};
			name = Release;
		};
		C11B1ADE2824F21D00698D60 /* Debug */ = {
			isa = XCBuildConfiguration;
			baseConfigurationReference = 7853E811D674580D4A87F223 /* Pods-SF-Lesson37-ProjectMoya.debug.xcconfig */;
			buildSettings = {
				ASSETCATALOG_COMPILER_APPICON_NAME = AppIcon;
				ASSETCATALOG_COMPILER_GLOBAL_ACCENT_COLOR_NAME = AccentColor;
				CODE_SIGN_STYLE = Automatic;
				CURRENT_PROJECT_VERSION = 1;
				DEVELOPMENT_TEAM = 4UKSKT5LCH;
				GENERATE_INFOPLIST_FILE = YES;
				INFOPLIST_FILE = "SF-Lesson37-ProjectMoya/Info.plist";
				INFOPLIST_KEY_UIApplicationSupportsIndirectInputEvents = YES;
				INFOPLIST_KEY_UILaunchStoryboardName = LaunchScreen;
				INFOPLIST_KEY_UIMainStoryboardFile = Main;
				INFOPLIST_KEY_UISupportedInterfaceOrientations_iPad = "UIInterfaceOrientationPortrait UIInterfaceOrientationPortraitUpsideDown UIInterfaceOrientationLandscapeLeft UIInterfaceOrientationLandscapeRight";
				INFOPLIST_KEY_UISupportedInterfaceOrientations_iPhone = "UIInterfaceOrientationPortrait UIInterfaceOrientationLandscapeLeft UIInterfaceOrientationLandscapeRight";
				LD_RUNPATH_SEARCH_PATHS = (
					"$(inherited)",
					"@executable_path/Frameworks",
				);
				MARKETING_VERSION = 1.0;
				PRODUCT_BUNDLE_IDENTIFIER = "Dinara-Alagozova.SF-Lesson37-ProjectMoya";
				PRODUCT_NAME = "$(TARGET_NAME)";
				SWIFT_EMIT_LOC_STRINGS = YES;
				SWIFT_VERSION = 5.0;
				TARGETED_DEVICE_FAMILY = "1,2";
			};
			name = Debug;
		};
		C11B1ADF2824F21D00698D60 /* Release */ = {
			isa = XCBuildConfiguration;
			baseConfigurationReference = C59DC85ECC32F82204022EF7 /* Pods-SF-Lesson37-ProjectMoya.release.xcconfig */;
			buildSettings = {
				ASSETCATALOG_COMPILER_APPICON_NAME = AppIcon;
				ASSETCATALOG_COMPILER_GLOBAL_ACCENT_COLOR_NAME = AccentColor;
				CODE_SIGN_STYLE = Automatic;
				CURRENT_PROJECT_VERSION = 1;
				DEVELOPMENT_TEAM = 4UKSKT5LCH;
				GENERATE_INFOPLIST_FILE = YES;
				INFOPLIST_FILE = "SF-Lesson37-ProjectMoya/Info.plist";
				INFOPLIST_KEY_UIApplicationSupportsIndirectInputEvents = YES;
				INFOPLIST_KEY_UILaunchStoryboardName = LaunchScreen;
				INFOPLIST_KEY_UIMainStoryboardFile = Main;
				INFOPLIST_KEY_UISupportedInterfaceOrientations_iPad = "UIInterfaceOrientationPortrait UIInterfaceOrientationPortraitUpsideDown UIInterfaceOrientationLandscapeLeft UIInterfaceOrientationLandscapeRight";
				INFOPLIST_KEY_UISupportedInterfaceOrientations_iPhone = "UIInterfaceOrientationPortrait UIInterfaceOrientationLandscapeLeft UIInterfaceOrientationLandscapeRight";
				LD_RUNPATH_SEARCH_PATHS = (
					"$(inherited)",
					"@executable_path/Frameworks",
				);
				MARKETING_VERSION = 1.0;
				PRODUCT_BUNDLE_IDENTIFIER = "Dinara-Alagozova.SF-Lesson37-ProjectMoya";
				PRODUCT_NAME = "$(TARGET_NAME)";
				SWIFT_EMIT_LOC_STRINGS = YES;
				SWIFT_VERSION = 5.0;
				TARGETED_DEVICE_FAMILY = "1,2";
			};
			name = Release;
		};
/* End XCBuildConfiguration section */

/* Begin XCConfigurationList section */
		C11B1AC42824F21900698D60 /* Build configuration list for PBXProject "SF-Lesson37-ProjectMoya" */ = {
			isa = XCConfigurationList;
			buildConfigurations = (
				C11B1ADB2824F21D00698D60 /* Debug */,
				C11B1ADC2824F21D00698D60 /* Release */,
			);
			defaultConfigurationIsVisible = 0;
			defaultConfigurationName = Release;
		};
		C11B1ADD2824F21D00698D60 /* Build configuration list for PBXNativeTarget "SF-Lesson37-ProjectMoya" */ = {
			isa = XCConfigurationList;
			buildConfigurations = (
				C11B1ADE2824F21D00698D60 /* Debug */,
				C11B1ADF2824F21D00698D60 /* Release */,
			);
			defaultConfigurationIsVisible = 0;
			defaultConfigurationName = Release;
		};
/* End XCConfigurationList section */

/* Begin XCRemoteSwiftPackageReference section */
		C11B1AF22825259D00698D60 /* XCRemoteSwiftPackageReference "Kingfisher" */ = {
			isa = XCRemoteSwiftPackageReference;
			repositoryURL = "https://github.com/onevcat/Kingfisher.git";
			requirement = {
				branch = master;
				kind = branch;
			};
		};
/* End XCRemoteSwiftPackageReference section */

/* Begin XCSwiftPackageProductDependency section */
		C11B1AF32825259D00698D60 /* Kingfisher */ = {
			isa = XCSwiftPackageProductDependency;
			package = C11B1AF22825259D00698D60 /* XCRemoteSwiftPackageReference "Kingfisher" */;
			productName = Kingfisher;
		};
/* End XCSwiftPackageProductDependency section */
	};
	rootObject = C11B1AC12824F21900698D60 /* Project object */;
}
